// !$*UTF8*$!
{
	archiveVersion = 1;
	classes = {
	};
	objectVersion = 46;
	objects = {

/* Begin PBXBuildFile section */
		95B6DCE51EEC3429007C1BE1 /* AppDelegate.swift in Sources */ = {isa = PBXBuildFile; fileRef = 95B6DCE41EEC3429007C1BE1 /* AppDelegate.swift */; };
		95B6DCE71EEC3429007C1BE1 /* ViewController.swift in Sources */ = {isa = PBXBuildFile; fileRef = 95B6DCE61EEC3429007C1BE1 /* ViewController.swift */; };
		95B6DCEA1EEC3429007C1BE1 /* Main.storyboard in Resources */ = {isa = PBXBuildFile; fileRef = 95B6DCE81EEC3429007C1BE1 /* Main.storyboard */; };
		95B6DCEC1EEC3429007C1BE1 /* Assets.xcassets in Resources */ = {isa = PBXBuildFile; fileRef = 95B6DCEB1EEC3429007C1BE1 /* Assets.xcassets */; };
		95B6DCEF1EEC3429007C1BE1 /* LaunchScreen.storyboard in Resources */ = {isa = PBXBuildFile; fileRef = 95B6DCED1EEC3429007C1BE1 /* LaunchScreen.storyboard */; };
		95B6DD031EEC351E007C1BE1 /* ImageViewer.framework in Frameworks */ = {isa = PBXBuildFile; fileRef = 95B6DCFF1EEC3513007C1BE1 /* ImageViewer.framework */; };
		95B6DD041EEC351E007C1BE1 /* ImageViewer.framework in Embed Frameworks */ = {isa = PBXBuildFile; fileRef = 95B6DCFF1EEC3513007C1BE1 /* ImageViewer.framework */; settings = {ATTRIBUTES = (CodeSignOnCopy, RemoveHeadersOnCopy, ); }; };
/* End PBXBuildFile section */

/* Begin PBXCopyFilesBuildPhase section */
		95B6DD051EEC351E007C1BE1 /* Embed Frameworks */ = {
			isa = PBXCopyFilesBuildPhase;
			buildActionMask = 2147483647;
			dstPath = "";
			dstSubfolderSpec = 10;
			files = (
				95B6DD041EEC351E007C1BE1 /* ImageViewer.framework in Embed Frameworks */,
			);
			name = "Embed Frameworks";
			runOnlyForDeploymentPostprocessing = 0;
		};
/* End PBXCopyFilesBuildPhase section */

/* Begin PBXFileReference section */
		95B6DCE11EEC3429007C1BE1 /* ImageViewerExample.app */ = {isa = PBXFileReference; explicitFileType = wrapper.application; includeInIndex = 0; path = ImageViewerExample.app; sourceTree = BUILT_PRODUCTS_DIR; };
		95B6DCE41EEC3429007C1BE1 /* AppDelegate.swift */ = {isa = PBXFileReference; lastKnownFileType = sourcecode.swift; path = AppDelegate.swift; sourceTree = "<group>"; };
		95B6DCE61EEC3429007C1BE1 /* ViewController.swift */ = {isa = PBXFileReference; lastKnownFileType = sourcecode.swift; path = ViewController.swift; sourceTree = "<group>"; };
		95B6DCE91EEC3429007C1BE1 /* Base */ = {isa = PBXFileReference; lastKnownFileType = file.storyboard; name = Base; path = Base.lproj/Main.storyboard; sourceTree = "<group>"; };
		95B6DCEB1EEC3429007C1BE1 /* Assets.xcassets */ = {isa = PBXFileReference; lastKnownFileType = folder.assetcatalog; path = Assets.xcassets; sourceTree = "<group>"; };
		95B6DCEE1EEC3429007C1BE1 /* Base */ = {isa = PBXFileReference; lastKnownFileType = file.storyboard; name = Base; path = Base.lproj/LaunchScreen.storyboard; sourceTree = "<group>"; };
		95B6DCF01EEC3429007C1BE1 /* Info.plist */ = {isa = PBXFileReference; lastKnownFileType = text.plist.xml; path = Info.plist; sourceTree = "<group>"; };
		95B6DCFD1EEC350B007C1BE1 /* ImageViewer.framework */ = {isa = PBXFileReference; lastKnownFileType = wrapper.framework; name = ImageViewer.framework; path = "../build/Debug-iphoneos/ImageViewer.framework"; sourceTree = "<group>"; };
		95B6DCFF1EEC3513007C1BE1 /* ImageViewer.framework */ = {isa = PBXFileReference; explicitFileType = wrapper.framework; path = ImageViewer.framework; sourceTree = BUILT_PRODUCTS_DIR; };
/* End PBXFileReference section */

/* Begin PBXFrameworksBuildPhase section */
		95B6DCDE1EEC3429007C1BE1 /* Frameworks */ = {
			isa = PBXFrameworksBuildPhase;
			buildActionMask = 2147483647;
			files = (
				95B6DD031EEC351E007C1BE1 /* ImageViewer.framework in Frameworks */,
			);
			runOnlyForDeploymentPostprocessing = 0;
		};
/* End PBXFrameworksBuildPhase section */

/* Begin PBXGroup section */
		95B6DCD81EEC3429007C1BE1 = {
			isa = PBXGroup;
			children = (
				95B6DCFF1EEC3513007C1BE1 /* ImageViewer.framework */,
				95B6DCE31EEC3429007C1BE1 /* ImageViewerExample */,
				95B6DCE21EEC3429007C1BE1 /* Products */,
				95B6DCFC1EEC350A007C1BE1 /* Frameworks */,
			);
			sourceTree = "<group>";
		};
		95B6DCE21EEC3429007C1BE1 /* Products */ = {
			isa = PBXGroup;
			children = (
				95B6DCE11EEC3429007C1BE1 /* ImageViewerExample.app */,
			);
			name = Products;
			sourceTree = "<group>";
		};
		95B6DCE31EEC3429007C1BE1 /* ImageViewerExample */ = {
			isa = PBXGroup;
			children = (
				95B6DCE41EEC3429007C1BE1 /* AppDelegate.swift */,
				95B6DCE61EEC3429007C1BE1 /* ViewController.swift */,
				95B6DCE81EEC3429007C1BE1 /* Main.storyboard */,
				95B6DCEB1EEC3429007C1BE1 /* Assets.xcassets */,
				95B6DCED1EEC3429007C1BE1 /* LaunchScreen.storyboard */,
				95B6DCF01EEC3429007C1BE1 /* Info.plist */,
			);
			path = ImageViewerExample;
			sourceTree = "<group>";
		};
		95B6DCFC1EEC350A007C1BE1 /* Frameworks */ = {
			isa = PBXGroup;
			children = (
				95B6DCFD1EEC350B007C1BE1 /* ImageViewer.framework */,
			);
			name = Frameworks;
			sourceTree = "<group>";
		};
/* End PBXGroup section */

/* Begin PBXNativeTarget section */
		95B6DCE01EEC3429007C1BE1 /* ImageViewerExample */ = {
			isa = PBXNativeTarget;
			buildConfigurationList = 95B6DCF31EEC3429007C1BE1 /* Build configuration list for PBXNativeTarget "ImageViewerExample" */;
			buildPhases = (
				95B6DCDD1EEC3429007C1BE1 /* Sources */,
				95B6DCDE1EEC3429007C1BE1 /* Frameworks */,
				95B6DCDF1EEC3429007C1BE1 /* Resources */,
				95B6DD051EEC351E007C1BE1 /* Embed Frameworks */,
			);
			buildRules = (
			);
			dependencies = (
			);
			name = ImageViewerExample;
			productName = ImageViewerExample;
			productReference = 95B6DCE11EEC3429007C1BE1 /* ImageViewerExample.app */;
			productType = "com.apple.product-type.application";
		};
/* End PBXNativeTarget section */

/* Begin PBXProject section */
		95B6DCD91EEC3429007C1BE1 /* Project object */ = {
			isa = PBXProject;
			attributes = {
				LastSwiftUpdateCheck = 0830;
				LastUpgradeCheck = 0830;
				ORGANIZATIONNAME = "Andrés Pizá Bückmann";
				TargetAttributes = {
					95B6DCE01EEC3429007C1BE1 = {
						CreatedOnToolsVersion = 8.3.3;
						DevelopmentTeam = JVHN2X67GT;
						ProvisioningStyle = Automatic;
					};
				};
			};
			buildConfigurationList = 95B6DCDC1EEC3429007C1BE1 /* Build configuration list for PBXProject "ImageViewerExample" */;
			compatibilityVersion = "Xcode 3.2";
			developmentRegion = English;
			hasScannedForEncodings = 0;
			knownRegions = (
				en,
				Base,
			);
			mainGroup = 95B6DCD81EEC3429007C1BE1;
			productRefGroup = 95B6DCE21EEC3429007C1BE1 /* Products */;
			projectDirPath = "";
			projectRoot = "";
			targets = (
				95B6DCE01EEC3429007C1BE1 /* ImageViewerExample */,
			);
		};
/* End PBXProject section */

/* Begin PBXResourcesBuildPhase section */
		95B6DCDF1EEC3429007C1BE1 /* Resources */ = {
			isa = PBXResourcesBuildPhase;
			buildActionMask = 2147483647;
			files = (
				95B6DCEF1EEC3429007C1BE1 /* LaunchScreen.storyboard in Resources */,
				95B6DCEC1EEC3429007C1BE1 /* Assets.xcassets in Resources */,
				95B6DCEA1EEC3429007C1BE1 /* Main.storyboard in Resources */,
			);
			runOnlyForDeploymentPostprocessing = 0;
		};
/* End PBXResourcesBuildPhase section */

/* Begin PBXSourcesBuildPhase section */
		95B6DCDD1EEC3429007C1BE1 /* Sources */ = {
			isa = PBXSourcesBuildPhase;
			buildActionMask = 2147483647;
			files = (
				95B6DCE71EEC3429007C1BE1 /* ViewController.swift in Sources */,
				95B6DCE51EEC3429007C1BE1 /* AppDelegate.swift in Sources */,
			);
			runOnlyForDeploymentPostprocessing = 0;
		};
/* End PBXSourcesBuildPhase section */

/* Begin PBXVariantGroup section */
		95B6DCE81EEC3429007C1BE1 /* Main.storyboard */ = {
			isa = PBXVariantGroup;
			children = (
				95B6DCE91EEC3429007C1BE1 /* Base */,
			);
			name = Main.storyboard;
			sourceTree = "<group>";
		};
		95B6DCED1EEC3429007C1BE1 /* LaunchScreen.storyboard */ = {
			isa = PBXVariantGroup;
			children = (
				95B6DCEE1EEC3429007C1BE1 /* Base */,
			);
			name = LaunchScreen.storyboard;
			sourceTree = "<group>";
		};
/* End PBXVariantGroup section */

/* Begin XCBuildConfiguration section */
		95B6DCF11EEC3429007C1BE1 /* Debug */ = {
			isa = XCBuildConfiguration;
			buildSettings = {
				ALWAYS_SEARCH_USER_PATHS = NO;
				CLANG_ANALYZER_NONNULL = YES;
				CLANG_ANALYZER_NUMBER_OBJECT_CONVERSION = YES_AGGRESSIVE;
				CLANG_CXX_LANGUAGE_STANDARD = "gnu++0x";
				CLANG_CXX_LIBRARY = "libc++";
				CLANG_ENABLE_MODULES = YES;
				CLANG_ENABLE_OBJC_ARC = YES;
				CLANG_WARN_BOOL_CONVERSION = YES;
				CLANG_WARN_CONSTANT_CONVERSION = YES;
				CLANG_WARN_DIRECT_OBJC_ISA_USAGE = YES_ERROR;
				CLANG_WARN_DOCUMENTATION_COMMENTS = YES;
				CLANG_WARN_EMPTY_BODY = YES;
				CLANG_WARN_ENUM_CONVERSION = YES;
				CLANG_WARN_INFINITE_RECURSION = YES;
				CLANG_WARN_INT_CONVERSION = YES;
				CLANG_WARN_OBJC_ROOT_CLASS = YES_ERROR;
				CLANG_WARN_SUSPICIOUS_MOVE = YES;
				CLANG_WARN_UNREACHABLE_CODE = YES;
				CLANG_WARN__DUPLICATE_METHOD_MATCH = YES;
				"CODE_SIGN_IDENTITY[sdk=iphoneos*]" = "iPhone Developer";
				COPY_PHASE_STRIP = NO;
				DEBUG_INFORMATION_FORMAT = dwarf;
				ENABLE_STRICT_OBJC_MSGSEND = YES;
				ENABLE_TESTABILITY = YES;
				GCC_C_LANGUAGE_STANDARD = gnu99;
				GCC_DYNAMIC_NO_PIC = NO;
				GCC_NO_COMMON_BLOCKS = YES;
				GCC_OPTIMIZATION_LEVEL = 0;
				GCC_PREPROCESSOR_DEFINITIONS = (
					"DEBUG=1",
					"$(inherited)",
				);
				GCC_WARN_64_TO_32_BIT_CONVERSION = YES;
				GCC_WARN_ABOUT_RETURN_TYPE = YES_ERROR;
				GCC_WARN_UNDECLARED_SELECTOR = YES;
				GCC_WARN_UNINITIALIZED_AUTOS = YES_AGGRESSIVE;
				GCC_WARN_UNUSED_FUNCTION = YES;
				GCC_WARN_UNUSED_VARIABLE = YES;
				IPHONEOS_DEPLOYMENT_TARGET = 10.3;
				MTL_ENABLE_DEBUG_INFO = YES;
				ONLY_ACTIVE_ARCH = YES;
				SDKROOT = iphoneos;
				SWIFT_ACTIVE_COMPILATION_CONDITIONS = DEBUG;
				SWIFT_OPTIMIZATION_LEVEL = "-Onone";
			};
			name = Debug;
		};
		95B6DCF21EEC3429007C1BE1 /* Release */ = {
			isa = XCBuildConfiguration;
			buildSettings = {
				ALWAYS_SEARCH_USER_PATHS = NO;
				CLANG_ANALYZER_NONNULL = YES;
				CLANG_ANALYZER_NUMBER_OBJECT_CONVERSION = YES_AGGRESSIVE;
				CLANG_CXX_LANGUAGE_STANDARD = "gnu++0x";
				CLANG_CXX_LIBRARY = "libc++";
				CLANG_ENABLE_MODULES = YES;
				CLANG_ENABLE_OBJC_ARC = YES;
				CLANG_WARN_BOOL_CONVERSION = YES;
				CLANG_WARN_CONSTANT_CONVERSION = YES;
				CLANG_WARN_DIRECT_OBJC_ISA_USAGE = YES_ERROR;
				CLANG_WARN_DOCUMENTATION_COMMENTS = YES;
				CLANG_WARN_EMPTY_BODY = YES;
				CLANG_WARN_ENUM_CONVERSION = YES;
				CLANG_WARN_INFINITE_RECURSION = YES;
				CLANG_WARN_INT_CONVERSION = YES;
				CLANG_WARN_OBJC_ROOT_CLASS = YES_ERROR;
				CLANG_WARN_SUSPICIOUS_MOVE = YES;
				CLANG_WARN_UNREACHABLE_CODE = YES;
				CLANG_WARN__DUPLICATE_METHOD_MATCH = YES;
				"CODE_SIGN_IDENTITY[sdk=iphoneos*]" = "iPhone Developer";
				COPY_PHASE_STRIP = NO;
				DEBUG_INFORMATION_FORMAT = "dwarf-with-dsym";
				ENABLE_NS_ASSERTIONS = NO;
				ENABLE_STRICT_OBJC_MSGSEND = YES;
				GCC_C_LANGUAGE_STANDARD = gnu99;
				GCC_NO_COMMON_BLOCKS = YES;
				GCC_WARN_64_TO_32_BIT_CONVERSION = YES;
				GCC_WARN_ABOUT_RETURN_TYPE = YES_ERROR;
				GCC_WARN_UNDECLARED_SELECTOR = YES;
				GCC_WARN_UNINITIALIZED_AUTOS = YES_AGGRESSIVE;
				GCC_WARN_UNUSED_FUNCTION = YES;
				GCC_WARN_UNUSED_VARIABLE = YES;
				IPHONEOS_DEPLOYMENT_TARGET = 10.3;
				MTL_ENABLE_DEBUG_INFO = NO;
				SDKROOT = iphoneos;
				SWIFT_OPTIMIZATION_LEVEL = "-Owholemodule";
				VALIDATE_PRODUCT = YES;
			};
			name = Release;
		};
		95B6DCF41EEC3429007C1BE1 /* Debug */ = {
			isa = XCBuildConfiguration;
			buildSettings = {
				ASSETCATALOG_COMPILER_APPICON_NAME = AppIcon;
				DEVELOPMENT_TEAM = JVHN2X67GT;
				INFOPLIST_FILE = ImageViewerExample/Info.plist;
				LD_RUNPATH_SEARCH_PATHS = "$(inherited) @executable_path/Frameworks";
				PRODUCT_BUNDLE_IDENTIFIER = com.tovkal.ImageViewerExample;
				PRODUCT_NAME = "$(TARGET_NAME)";
				SWIFT_VERSION = 3.0;
			};
			name = Debug;
		};
		95B6DCF51EEC3429007C1BE1 /* Release */ = {
			isa = XCBuildConfiguration;
			buildSettings = {
				ASSETCATALOG_COMPILER_APPICON_NAME = AppIcon;
				DEVELOPMENT_TEAM = JVHN2X67GT;
				INFOPLIST_FILE = ImageViewerExample/Info.plist;
				LD_RUNPATH_SEARCH_PATHS = "$(inherited) @executable_path/Frameworks";
				PRODUCT_BUNDLE_IDENTIFIER = com.tovkal.ImageViewerExample;
				PRODUCT_NAME = "$(TARGET_NAME)";
				SWIFT_VERSION = 3.0;
			};
			name = Release;
		};
/* End XCBuildConfiguration section */

/* Begin XCConfigurationList section */
		95B6DCDC1EEC3429007C1BE1 /* Build configuration list for PBXProject "ImageViewerExample" */ = {
			isa = XCConfigurationList;
			buildConfigurations = (
				95B6DCF11EEC3429007C1BE1 /* Debug */,
				95B6DCF21EEC3429007C1BE1 /* Release */,
			);
			defaultConfigurationIsVisible = 0;
			defaultConfigurationName = Release;
		};
		95B6DCF31EEC3429007C1BE1 /* Build configuration list for PBXNativeTarget "ImageViewerExample" */ = {
			isa = XCConfigurationList;
			buildConfigurations = (
				95B6DCF41EEC3429007C1BE1 /* Debug */,
				95B6DCF51EEC3429007C1BE1 /* Release */,
			);
			defaultConfigurationIsVisible = 0;
			defaultConfigurationName = Release;
		};
/* End XCConfigurationList section */
	};
	rootObject = 95B6DCD91EEC3429007C1BE1 /* Project object */;
}
